
Microsoft Visual Studio Solution File, Format Version 12.00
# Visual Studio 15
VisualStudioVersion = 15.0.28307.1082
MinimumVisualStudioVersion = 10.0.40219.1
Project("{FAE04EC0-301F-11D3-BF4B-00C04F79EFBC}") = "BookApplication", "BookApplication\BookApplication.csproj", "{D64958A9-9AF8-4B51-A5A9-6B8A76B7FB61}"
EndProject
Global
	GlobalSection(SolutionConfigurationPlatforms) = preSolution
		Debug|Any CPU = Debug|Any CPU
		Release|Any CPU = Release|Any CPU
	EndGlobalSection
	GlobalSection(ProjectConfigurationPlatforms) = postSolution
		{D64958A9-9AF8-4B51-A5A9-6B8A76B7FB61}.Debug|Any CPU.ActiveCfg = Debug|Any CPU
		{D64958A9-9AF8-4B51-A5A9-6B8A76B7FB61}.Debug|Any CPU.Build.0 = Debug|Any CPU
		{D64958A9-9AF8-4B51-A5A9-6B8A76B7FB61}.Release|Any CPU.ActiveCfg = Release|Any CPU
		{D64958A9-9AF8-4B51-A5A9-6B8A76B7FB61}.Release|Any CPU.Build.0 = Release|Any CPU
	EndGlobalSection
	GlobalSection(SolutionProperties) = preSolution
		HideSolutionNode = FALSE
	EndGlobalSection
	GlobalSection(ExtensibilityGlobals) = postSolution
		SolutionGuid = {EB2C740D-D1DC-4401-B937-C7BD68DD71F4}
	EndGlobalSection
EndGlobal
